
Microsoft Visual Studio Solution File, Format Version 12.00
# Visual Studio Version 16
VisualStudioVersion = 16.0.29820.132
MinimumVisualStudioVersion = 10.0.40219.1
Project("{FAE04EC0-301F-11D3-BF4B-00C04F79EFBC}") = "CRM.UWP", "UWP\CRM.UWP.csproj", "{F7C08332-0216-440D-A3CD-A7FDEB959FA3}"
EndProject
Project("{9A19103F-16F7-4668-BE54-9A1E7A4F7556}") = "CRM.Shared", "Xamarin.Shared\CRM.Shared.csproj", "{C4F551A4-00D9-477B-879F-830B83A62D11}"
EndProject
Project("{FAE04EC0-301F-11D3-BF4B-00C04F79EFBC}") = "CRM.Android", "Android\CRM.Android.csproj", "{127B5423-1FEC-4EAA-AE36-D392864C4316}"
EndProject
Global
	GlobalSection(SolutionConfigurationPlatforms) = preSolution
		Debug|Any CPU = Debug|Any CPU
		Debug|ARM = Debug|ARM
		Debug|iPhone = Debug|iPhone
		Debug|iPhoneSimulator = Debug|iPhoneSimulator
		Debug|x64 = Debug|x64
		Debug|x86 = Debug|x86
		Release|Any CPU = Release|Any CPU
		Release|ARM = Release|ARM
		Release|iPhone = Release|iPhone
		Release|iPhoneSimulator = Release|iPhoneSimulator
		Release|x64 = Release|x64
		Release|x86 = Release|x86
	EndGlobalSection
	GlobalSection(ProjectConfigurationPlatforms) = postSolution
		{F7C08332-0216-440D-A3CD-A7FDEB959FA3}.Debug|Any CPU.ActiveCfg = Debug|x86
		{F7C08332-0216-440D-A3CD-A7FDEB959FA3}.Debug|Any CPU.Build.0 = Debug|x86
		{F7C08332-0216-440D-A3CD-A7FDEB959FA3}.Debug|Any CPU.Deploy.0 = Debug|x86
		{F7C08332-0216-440D-A3CD-A7FDEB959FA3}.Debug|ARM.ActiveCfg = Debug|ARM
		{F7C08332-0216-440D-A3CD-A7FDEB959FA3}.Debug|ARM.Build.0 = Debug|ARM
		{F7C08332-0216-440D-A3CD-A7FDEB959FA3}.Debug|ARM.Deploy.0 = Debug|ARM
		{F7C08332-0216-440D-A3CD-A7FDEB959FA3}.Debug|iPhone.ActiveCfg = Debug|x86
		{F7C08332-0216-440D-A3CD-A7FDEB959FA3}.Debug|iPhone.Build.0 = Debug|x86
		{F7C08332-0216-440D-A3CD-A7FDEB959FA3}.Debug|iPhone.Deploy.0 = Debug|x86
		{F7C08332-0216-440D-A3CD-A7FDEB959FA3}.Debug|iPhoneSimulator.ActiveCfg = Debug|x86
		{F7C08332-0216-440D-A3CD-A7FDEB959FA3}.Debug|iPhoneSimulator.Build.0 = Debug|x86
		{F7C08332-0216-440D-A3CD-A7FDEB959FA3}.Debug|iPhoneSimulator.Deploy.0 = Debug|x86
		{F7C08332-0216-440D-A3CD-A7FDEB959FA3}.Debug|x64.ActiveCfg = Debug|x64
		{F7C08332-0216-440D-A3CD-A7FDEB959FA3}.Debug|x64.Build.0 = Debug|x64
		{F7C08332-0216-440D-A3CD-A7FDEB959FA3}.Debug|x64.Deploy.0 = Debug|x64
		{F7C08332-0216-440D-A3CD-A7FDEB959FA3}.Debug|x86.ActiveCfg = Debug|x86
		{F7C08332-0216-440D-A3CD-A7FDEB959FA3}.Debug|x86.Build.0 = Debug|x86
		{F7C08332-0216-440D-A3CD-A7FDEB959FA3}.Debug|x86.Deploy.0 = Debug|x86
		{F7C08332-0216-440D-A3CD-A7FDEB959FA3}.Release|Any CPU.ActiveCfg = Release|x86
		{F7C08332-0216-440D-A3CD-A7FDEB959FA3}.Release|Any CPU.Build.0 = Release|x86
		{F7C08332-0216-440D-A3CD-A7FDEB959FA3}.Release|Any CPU.Deploy.0 = Release|x86
		{F7C08332-0216-440D-A3CD-A7FDEB959FA3}.Release|ARM.ActiveCfg = Release|ARM
		{F7C08332-0216-440D-A3CD-A7FDEB959FA3}.Release|ARM.Build.0 = Release|ARM
		{F7C08332-0216-440D-A3CD-A7FDEB959FA3}.Release|ARM.Deploy.0 = Release|ARM
		{F7C08332-0216-440D-A3CD-A7FDEB959FA3}.Release|iPhone.ActiveCfg = Release|x86
		{F7C08332-0216-440D-A3CD-A7FDEB959FA3}.Release|iPhone.Build.0 = Release|x86
		{F7C08332-0216-440D-A3CD-A7FDEB959FA3}.Release|iPhone.Deploy.0 = Release|x86
		{F7C08332-0216-440D-A3CD-A7FDEB959FA3}.Release|iPhoneSimulator.ActiveCfg = Release|x86
		{F7C08332-0216-440D-A3CD-A7FDEB959FA3}.Release|iPhoneSimulator.Build.0 = Release|x86
		{F7C08332-0216-440D-A3CD-A7FDEB959FA3}.Release|iPhoneSimulator.Deploy.0 = Release|x86
		{F7C08332-0216-440D-A3CD-A7FDEB959FA3}.Release|x64.ActiveCfg = Release|x64
		{F7C08332-0216-440D-A3CD-A7FDEB959FA3}.Release|x64.Build.0 = Release|x64
		{F7C08332-0216-440D-A3CD-A7FDEB959FA3}.Release|x64.Deploy.0 = Release|x64
		{F7C08332-0216-440D-A3CD-A7FDEB959FA3}.Release|x86.ActiveCfg = Release|x86
		{F7C08332-0216-440D-A3CD-A7FDEB959FA3}.Release|x86.Build.0 = Release|x86
		{F7C08332-0216-440D-A3CD-A7FDEB959FA3}.Release|x86.Deploy.0 = Release|x86
		{C4F551A4-00D9-477B-879F-830B83A62D11}.Debug|Any CPU.ActiveCfg = Debug|Any CPU
		{C4F551A4-00D9-477B-879F-830B83A62D11}.Debug|Any CPU.Build.0 = Debug|Any CPU
		{C4F551A4-00D9-477B-879F-830B83A62D11}.Debug|Any CPU.Deploy.0 = Debug|Any CPU
		{C4F551A4-00D9-477B-879F-830B83A62D11}.Debug|ARM.ActiveCfg = Debug|Any CPU
		{C4F551A4-00D9-477B-879F-830B83A62D11}.Debug|ARM.Build.0 = Debug|Any CPU
		{C4F551A4-00D9-477B-879F-830B83A62D11}.Debug|ARM.Deploy.0 = Debug|Any CPU
		{C4F551A4-00D9-477B-879F-830B83A62D11}.Debug|iPhone.ActiveCfg = Debug|Any CPU
		{C4F551A4-00D9-477B-879F-830B83A62D11}.Debug|iPhone.Build.0 = Debug|Any CPU
		{C4F551A4-00D9-477B-879F-830B83A62D11}.Debug|iPhone.Deploy.0 = Debug|Any CPU
		{C4F551A4-00D9-477B-879F-830B83A62D11}.Debug|iPhoneSimulator.ActiveCfg = Debug|Any CPU
		{C4F551A4-00D9-477B-879F-830B83A62D11}.Debug|iPhoneSimulator.Build.0 = Debug|Any CPU
		{C4F551A4-00D9-477B-879F-830B83A62D11}.Debug|iPhoneSimulator.Deploy.0 = Debug|Any CPU
		{C4F551A4-00D9-477B-879F-830B83A62D11}.Debug|x64.ActiveCfg = Debug|Any CPU
		{C4F551A4-00D9-477B-879F-830B83A62D11}.Debug|x64.Build.0 = Debug|Any CPU
		{C4F551A4-00D9-477B-879F-830B83A62D11}.Debug|x64.Deploy.0 = Debug|Any CPU
		{C4F551A4-00D9-477B-879F-830B83A62D11}.Debug|x86.ActiveCfg = Debug|Any CPU
		{C4F551A4-00D9-477B-879F-830B83A62D11}.Debug|x86.Build.0 = Debug|Any CPU
		{C4F551A4-00D9-477B-879F-830B83A62D11}.Debug|x86.Deploy.0 = Debug|Any CPU
		{C4F551A4-00D9-477B-879F-830B83A62D11}.Release|Any CPU.ActiveCfg = Release|Any CPU
		{C4F551A4-00D9-477B-879F-830B83A62D11}.Release|Any CPU.Build.0 = Release|Any CPU
		{C4F551A4-00D9-477B-879F-830B83A62D11}.Release|Any CPU.Deploy.0 = Release|Any CPU
		{C4F551A4-00D9-477B-879F-830B83A62D11}.Release|ARM.ActiveCfg = Release|Any CPU
		{C4F551A4-00D9-477B-879F-830B83A62D11}.Release|ARM.Build.0 = Release|Any CPU
		{C4F551A4-00D9-477B-879F-830B83A62D11}.Release|ARM.Deploy.0 = Release|Any CPU
		{C4F551A4-00D9-477B-879F-830B83A62D11}.Release|iPhone.ActiveCfg = Release|Any CPU
		{C4F551A4-00D9-477B-879F-830B83A62D11}.Release|iPhone.Build.0 = Release|Any CPU
		{C4F551A4-00D9-477B-879F-830B83A62D11}.Release|iPhone.Deploy.0 = Release|Any CPU
		{C4F551A4-00D9-477B-879F-830B83A62D11}.Release|iPhoneSimulator.ActiveCfg = Release|Any CPU
		{C4F551A4-00D9-477B-879F-830B83A62D11}.Release|iPhoneSimulator.Build.0 = Release|Any CPU
		{C4F551A4-00D9-477B-879F-830B83A62D11}.Release|iPhoneSimulator.Deploy.0 = Release|Any CPU
		{C4F551A4-00D9-477B-879F-830B83A62D11}.Release|x64.ActiveCfg = Release|Any CPU
		{C4F551A4-00D9-477B-879F-830B83A62D11}.Release|x64.Build.0 = Release|Any CPU
		{C4F551A4-00D9-477B-879F-830B83A62D11}.Release|x64.Deploy.0 = Release|Any CPU
		{C4F551A4-00D9-477B-879F-830B83A62D11}.Release|x86.ActiveCfg = Release|Any CPU
		{C4F551A4-00D9-477B-879F-830B83A62D11}.Release|x86.Build.0 = Release|Any CPU
		{C4F551A4-00D9-477B-879F-830B83A62D11}.Release|x86.Deploy.0 = Release|Any CPU
		{127B5423-1FEC-4EAA-AE36-D392864C4316}.Debug|Any CPU.ActiveCfg = Debug|Any CPU
		{127B5423-1FEC-4EAA-AE36-D392864C4316}.Debug|Any CPU.Build.0 = Debug|Any CPU
		{127B5423-1FEC-4EAA-AE36-D392864C4316}.Debug|Any CPU.Deploy.0 = Debug|Any CPU
		{127B5423-1FEC-4EAA-AE36-D392864C4316}.Debug|ARM.ActiveCfg = Debug|Any CPU
		{127B5423-1FEC-4EAA-AE36-D392864C4316}.Debug|ARM.Build.0 = Debug|Any CPU
		{127B5423-1FEC-4EAA-AE36-D392864C4316}.Debug|ARM.Deploy.0 = Debug|Any CPU
		{127B5423-1FEC-4EAA-AE36-D392864C4316}.Debug|iPhone.ActiveCfg = Debug|Any CPU
		{127B5423-1FEC-4EAA-AE36-D392864C4316}.Debug|iPhone.Build.0 = Debug|Any CPU
		{127B5423-1FEC-4EAA-AE36-D392864C4316}.Debug|iPhone.Deploy.0 = Debug|Any CPU
		{127B5423-1FEC-4EAA-AE36-D392864C4316}.Debug|iPhoneSimulator.ActiveCfg = Debug|Any CPU
		{127B5423-1FEC-4EAA-AE36-D392864C4316}.Debug|iPhoneSimulator.Build.0 = Debug|Any CPU
		{127B5423-1FEC-4EAA-AE36-D392864C4316}.Debug|iPhoneSimulator.Deploy.0 = Debug|Any CPU
		{127B5423-1FEC-4EAA-AE36-D392864C4316}.Debug|x64.ActiveCfg = Debug|Any CPU
		{127B5423-1FEC-4EAA-AE36-D392864C4316}.Debug|x64.Build.0 = Debug|Any CPU
		{127B5423-1FEC-4EAA-AE36-D392864C4316}.Debug|x64.Deploy.0 = Debug|Any CPU
		{127B5423-1FEC-4EAA-AE36-D392864C4316}.Debug|x86.ActiveCfg = Debug|Any CPU
		{127B5423-1FEC-4EAA-AE36-D392864C4316}.Debug|x86.Build.0 = Debug|Any CPU
		{127B5423-1FEC-4EAA-AE36-D392864C4316}.Debug|x86.Deploy.0 = Debug|Any CPU
		{127B5423-1FEC-4EAA-AE36-D392864C4316}.Release|Any CPU.ActiveCfg = Release|Any CPU
		{127B5423-1FEC-4EAA-AE36-D392864C4316}.Release|Any CPU.Build.0 = Release|Any CPU
		{127B5423-1FEC-4EAA-AE36-D392864C4316}.Release|Any CPU.Deploy.0 = Release|Any CPU
		{127B5423-1FEC-4EAA-AE36-D392864C4316}.Release|ARM.ActiveCfg = Release|Any CPU
		{127B5423-1FEC-4EAA-AE36-D392864C4316}.Release|ARM.Build.0 = Release|Any CPU
		{127B5423-1FEC-4EAA-AE36-D392864C4316}.Release|ARM.Deploy.0 = Release|Any CPU
		{127B5423-1FEC-4EAA-AE36-D392864C4316}.Release|iPhone.ActiveCfg = Release|Any CPU
		{127B5423-1FEC-4EAA-AE36-D392864C4316}.Release|iPhone.Build.0 = Release|Any CPU
		{127B5423-1FEC-4EAA-AE36-D392864C4316}.Release|iPhone.Deploy.0 = Release|Any CPU
		{127B5423-1FEC-4EAA-AE36-D392864C4316}.Release|iPhoneSimulator.ActiveCfg = Release|Any CPU
		{127B5423-1FEC-4EAA-AE36-D392864C4316}.Release|iPhoneSimulator.Build.0 = Release|Any CPU
		{127B5423-1FEC-4EAA-AE36-D392864C4316}.Release|iPhoneSimulator.Deploy.0 = Release|Any CPU
		{127B5423-1FEC-4EAA-AE36-D392864C4316}.Release|x64.ActiveCfg = Release|Any CPU
		{127B5423-1FEC-4EAA-AE36-D392864C4316}.Release|x64.Build.0 = Release|Any CPU
		{127B5423-1FEC-4EAA-AE36-D392864C4316}.Release|x64.Deploy.0 = Release|Any CPU
		{127B5423-1FEC-4EAA-AE36-D392864C4316}.Release|x86.ActiveCfg = Release|Any CPU
		{127B5423-1FEC-4EAA-AE36-D392864C4316}.Release|x86.Build.0 = Release|Any CPU
		{127B5423-1FEC-4EAA-AE36-D392864C4316}.Release|x86.Deploy.0 = Release|Any CPU
	EndGlobalSection
	GlobalSection(SolutionProperties) = preSolution
		HideSolutionNode = FALSE
	EndGlobalSection
	GlobalSection(ExtensibilityGlobals) = postSolution
		SolutionGuid = {87A67FEE-FC5C-4457-90AD-EDE74A9206A9}
	EndGlobalSection
EndGlobal
